
Microsoft Visual Studio Solution File, Format Version 12.00
# Visual Studio Version 16
VisualStudioVersion = 16.0.28803.352
MinimumVisualStudioVersion = 10.0.40219.1
Project("{FAE04EC0-301F-11D3-BF4B-00C04F79EFBC}") = "SigloXXI", "SigloXXI\SigloXXI.csproj", "{AC84D2CF-62FA-4990-921C-5402D97A0F80}"
EndProject
Project("{FAE04EC0-301F-11D3-BF4B-00C04F79EFBC}") = "SigloXXI.Tests", "SigloXXI.Tests\SigloXXI.Tests.csproj", "{C59010E5-DD62-4D42-99DF-D5AC59EFD998}"
EndProject
Global
	GlobalSection(SolutionConfigurationPlatforms) = preSolution
		Debug|Any CPU = Debug|Any CPU
		Release|Any CPU = Release|Any CPU
	EndGlobalSection
	GlobalSection(ProjectConfigurationPlatforms) = postSolution
		{AC84D2CF-62FA-4990-921C-5402D97A0F80}.Debug|Any CPU.ActiveCfg = Debug|Any CPU
		{AC84D2CF-62FA-4990-921C-5402D97A0F80}.Debug|Any CPU.Build.0 = Debug|Any CPU
		{AC84D2CF-62FA-4990-921C-5402D97A0F80}.Release|Any CPU.ActiveCfg = Release|Any CPU
		{AC84D2CF-62FA-4990-921C-5402D97A0F80}.Release|Any CPU.Build.0 = Release|Any CPU
		{C59010E5-DD62-4D42-99DF-D5AC59EFD998}.Debug|Any CPU.ActiveCfg = Debug|Any CPU
		{C59010E5-DD62-4D42-99DF-D5AC59EFD998}.Debug|Any CPU.Build.0 = Debug|Any CPU
		{C59010E5-DD62-4D42-99DF-D5AC59EFD998}.Release|Any CPU.ActiveCfg = Release|Any CPU
		{C59010E5-DD62-4D42-99DF-D5AC59EFD998}.Release|Any CPU.Build.0 = Release|Any CPU
	EndGlobalSection
	GlobalSection(SolutionProperties) = preSolution
		HideSolutionNode = FALSE
	EndGlobalSection
	GlobalSection(ExtensibilityGlobals) = postSolution
		SolutionGuid = {2BCFD6B6-06EC-4E71-92C5-71B7A6E10C00}
	EndGlobalSection
EndGlobal
